lockfileVersion: '6.0'

settings:
  autoInstallPeers: true
  excludeLinksFromLockfile: false

dependencies:
  nodemailer:
    specifier: ^6.9.13
    version: 6.9.13

packages:

  /nodemailer@6.9.13:
    resolution: {integrity: sha512-7o38Yogx6krdoBf3jCAqnIN4oSQFx+fMa0I7dK1D+me9kBxx12D+/33wSb+fhOCtIxvYJ+4x4IMEhmhCKfAiOA==}
    engines: {node: '>=6.0.0'}
    dev: false
